lockfile_version: '1'
generated_at: '2026-06-13T06:36:51.129434+00:00'
apm_version: 0.20.0
dependencies:
- repo_url: little-hands/claude-drawio-skill
  host: github.com
  resolved_commit: 23b638710f92578deb49bca2a94940fe6492f328
  virtual_path: plugins/draw-io/skills/draw-io
  is_virtual: true
  package_type: claude_skill
  deployed_files:
  - .agents/skills/draw-io
  - .agents/skills/draw-io/SKILL.md
  - .agents/skills/draw-io/references/layout-guide.md
  - .agents/skills/draw-io/references/xml-reference.md
  - .agents/skills/draw-io/test/test-cases-jp.md
  - .agents/skills/draw-io/test/test-cases.md
  - .claude/skills/draw-io
  - .claude/skills/draw-io/SKILL.md
  - .claude/skills/draw-io/references/layout-guide.md
  - .claude/skills/draw-io/references/xml-reference.md
  - .claude/skills/draw-io/test/test-cases-jp.md
  - .claude/skills/draw-io/test/test-cases.md
  deployed_file_hashes:
    .agents/skills/draw-io/SKILL.md: sha256:0ff9abe0cda8dbdd938b8d35b0628c51cd9b5613534171a4bd230423e2db8b66
    .agents/skills/draw-io/references/layout-guide.md: sha256:4be17d0fd1c8053aefce85fd559d18b24518e2f3df4488ad762f54c534b2a031
    .agents/skills/draw-io/references/xml-reference.md: sha256:a547475f92f6086c73e6b238a5590084899f1d38ae104511ac8c5dfe403d63c6
    .agents/skills/draw-io/test/test-cases-jp.md: sha256:f61f7a7d06c3f84a31d703286b28fa853215686be73bb9e5d44957778d26eb86
    .agents/skills/draw-io/test/test-cases.md: sha256:f268ffddd64726b9d9168cedfac856dc95c67a9a728f5847594d1d710fb22e5d
    .claude/skills/draw-io/SKILL.md: sha256:0ff9abe0cda8dbdd938b8d35b0628c51cd9b5613534171a4bd230423e2db8b66
    .claude/skills/draw-io/references/layout-guide.md: sha256:4be17d0fd1c8053aefce85fd559d18b24518e2f3df4488ad762f54c534b2a031
    .claude/skills/draw-io/references/xml-reference.md: sha256:a547475f92f6086c73e6b238a5590084899f1d38ae104511ac8c5dfe403d63c6
    .claude/skills/draw-io/test/test-cases-jp.md: sha256:f61f7a7d06c3f84a31d703286b28fa853215686be73bb9e5d44957778d26eb86
    .claude/skills/draw-io/test/test-cases.md: sha256:f268ffddd64726b9d9168cedfac856dc95c67a9a728f5847594d1d710fb22e5d
  content_hash: sha256:371750e82b8f816c5a4166c224ece2f512df9a755fbe55e1168b433da72ed0c9
- repo_url: microsoft/playwright-cli
  host: github.com
  resolved_commit: 9b118a1a737662fa118d591b5687340b86005d5c
  virtual_path: skills/playwright-cli
  is_virtual: true
  package_type: claude_skill
  deployed_files:
  - .agents/skills/playwright-cli
  - .agents/skills/playwright-cli/SKILL.md
  - .agents/skills/playwright-cli/references/element-attributes.md
  - .agents/skills/playwright-cli/references/playwright-tests.md
  - .agents/skills/playwright-cli/references/request-mocking.md
  - .agents/skills/playwright-cli/references/running-code.md
  - .agents/skills/playwright-cli/references/session-management.md
  - .agents/skills/playwright-cli/references/spec-driven-testing.md
  - .agents/skills/playwright-cli/references/storage-state.md
  - .agents/skills/playwright-cli/references/test-generation.md
  - .agents/skills/playwright-cli/references/tracing.md
  - .agents/skills/playwright-cli/references/video-recording.md
  - .claude/skills/playwright-cli
  - .claude/skills/playwright-cli/SKILL.md
  - .claude/skills/playwright-cli/references/element-attributes.md
  - .claude/skills/playwright-cli/references/playwright-tests.md
  - .claude/skills/playwright-cli/references/request-mocking.md
  - .claude/skills/playwright-cli/references/running-code.md
  - .claude/skills/playwright-cli/references/session-management.md
  - .claude/skills/playwright-cli/references/spec-driven-testing.md
  - .claude/skills/playwright-cli/references/storage-state.md
  - .claude/skills/playwright-cli/references/test-generation.md
  - .claude/skills/playwright-cli/references/tracing.md
  - .claude/skills/playwright-cli/references/video-recording.md
  deployed_file_hashes:
    .agents/skills/playwright-cli/SKILL.md: sha256:b4c81c39e39f30e4790607e57b12283878f3751daca9c0e44f301899f2108b13
    .agents/skills/playwright-cli/references/element-attributes.md: sha256:bf19aa4671e0a50a0fefa9c790f39124e803060eefe395042b723c29fcb7faa2
    .agents/skills/playwright-cli/references/playwright-tests.md: sha256:c5b0719fef2cfdff50bd744051b2f9afc119775db4b48e9b2882c1cf3886797c
    .agents/skills/playwright-cli/references/request-mocking.md: sha256:54e801c9663fc2b6d68ceb058cb1c360724c2499f42acc7852a68e83e5b5f37c
    .agents/skills/playwright-cli/references/running-code.md: sha256:d95c539a5990b71d02d8bdf1d9414df16191eb6cff95b0063820518b7a13dcb2
    .agents/skills/playwright-cli/references/session-management.md: sha256:cd3e261b8763bf952f1e371b876cb78d054379afec85482f9250633e1b7e6c44
    .agents/skills/playwright-cli/references/spec-driven-testing.md: sha256:3326b3af65ed6e05180aa394a7fd578f29822e67bde9f22f7c7f94e6c8e3a594
    .agents/skills/playwright-cli/references/storage-state.md: sha256:9ac47f9ae4a1aedcd2077f8ac9ab1ba6bee1962cb83ff51adcd36fb6d83b5ec6
    .agents/skills/playwright-cli/references/test-generation.md: sha256:2a9c4d94effa31b05cf367dfa8bbace8874a3bc9799987ad2b03269af224d299
    .agents/skills/playwright-cli/references/tracing.md: sha256:792e0ac7705e56ac48df84c0f5400221ce86107897c671590a64a4ea6a82508e
    .agents/skills/playwright-cli/references/video-recording.md: sha256:8555ab5400df0d90e66318aacc0a8a4418fbf872e7463824d55d5c41615abd83
    .claude/skills/playwright-cli/SKILL.md: sha256:b4c81c39e39f30e4790607e57b12283878f3751daca9c0e44f301899f2108b13
    .claude/skills/playwright-cli/references/element-attributes.md: sha256:bf19aa4671e0a50a0fefa9c790f39124e803060eefe395042b723c29fcb7faa2
    .claude/skills/playwright-cli/references/playwright-tests.md: sha256:c5b0719fef2cfdff50bd744051b2f9afc119775db4b48e9b2882c1cf3886797c
    .claude/skills/playwright-cli/references/request-mocking.md: sha256:54e801c9663fc2b6d68ceb058cb1c360724c2499f42acc7852a68e83e5b5f37c
    .claude/skills/playwright-cli/references/running-code.md: sha256:d95c539a5990b71d02d8bdf1d9414df16191eb6cff95b0063820518b7a13dcb2
    .claude/skills/playwright-cli/references/session-management.md: sha256:cd3e261b8763bf952f1e371b876cb78d054379afec85482f9250633e1b7e6c44
    .claude/skills/playwright-cli/references/spec-driven-testing.md: sha256:3326b3af65ed6e05180aa394a7fd578f29822e67bde9f22f7c7f94e6c8e3a594
    .claude/skills/playwright-cli/references/storage-state.md: sha256:9ac47f9ae4a1aedcd2077f8ac9ab1ba6bee1962cb83ff51adcd36fb6d83b5ec6
    .claude/skills/playwright-cli/references/test-generation.md: sha256:2a9c4d94effa31b05cf367dfa8bbace8874a3bc9799987ad2b03269af224d299
    .claude/skills/playwright-cli/references/tracing.md: sha256:792e0ac7705e56ac48df84c0f5400221ce86107897c671590a64a4ea6a82508e
    .claude/skills/playwright-cli/references/video-recording.md: sha256:8555ab5400df0d90e66318aacc0a8a4418fbf872e7463824d55d5c41615abd83
  content_hash: sha256:c75e106cec48dd02c8e87504a88e90d2b84f4472bfadf395e6fd4a86763c4a64
- repo_url: mullzhang/skills
  host: github.com
  resolved_commit: 1ba321dd3a6b9f1e087d022c852373501238324a
  package_type: marketplace_plugin
  deployed_files:
  - .agents/skills/file-organizer
  - .agents/skills/file-organizer/SKILL.md
  - .agents/skills/file-organizer/scripts/analyze_files.py
  - .agents/skills/file-organizer/scripts/organize_files.py
  - .agents/skills/github-issue-dupe-check
  - .agents/skills/github-issue-dupe-check/SKILL.md
  - .agents/skills/github-issue-dupe-check/agents/openai.yaml
  - .agents/skills/github-issue-dupe-check/scripts/collect_issue_candidates.py
  - .agents/skills/grill-me
  - .agents/skills/grill-me/SKILL.md
  - .agents/skills/grill-me/agents/openai.yaml
  - .agents/skills/grill-me/references/sample_questionnaire.md
  - .agents/skills/lean-code
  - .agents/skills/lean-code/SKILL.md
  - .agents/skills/lean-code/references/review_checklist.md
  - .agents/skills/md-questionnaire
  - .agents/skills/md-questionnaire/SKILL.md
  - .agents/skills/md-questionnaire/agents/openai.yaml
  - .agents/skills/md-questionnaire/references/sample_questionnaire.md
  - .agents/skills/pulp-log-diagnostics
  - .agents/skills/pulp-log-diagnostics/SKILL.md
  - .agents/skills/pulp-log-diagnostics/agents/openai.yaml
  - .agents/skills/pulp-log-diagnostics/references/diagnostic-rules.md
  - .agents/skills/pulp-log-diagnostics/references/iis-playbook.md
  - .agents/skills/pulp-log-diagnostics/scripts/analyze_pulp_logs.py
  - .agents/skills/pulp-log-diagnostics/scripts/run_iis.py
  - .agents/skills/sdv-synthetic-data
  - .agents/skills/sdv-synthetic-data/SKILL.md
  - .agents/skills/sdv-synthetic-data/assets/example_asset.txt
  - .agents/skills/sdv-synthetic-data/references/api_reference.md
  - .agents/skills/sdv-synthetic-data/scripts/_sdv_utils.py
  - .agents/skills/sdv-synthetic-data/scripts/evaluate_quality.py
  - .agents/skills/sdv-synthetic-data/scripts/generate_multi_table.py
  - .agents/skills/sdv-synthetic-data/scripts/generate_single_table.py
  - .agents/skills/sdv-synthetic-data/scripts/sample_rows.py
  - .agents/skills/test-only-dead-code-detector
  - .agents/skills/test-only-dead-code-detector/SKILL.md
  - .agents/skills/test-only-dead-code-detector/agents/openai.yaml
  - .agents/skills/test-only-dead-code-detector/scripts/find_test_only_dead_code.py
  - .claude/skills/file-organizer
  - .claude/skills/file-organizer/SKILL.md
  - .claude/skills/file-organizer/scripts/analyze_files.py
  - .claude/skills/file-organizer/scripts/organize_files.py
  - .claude/skills/github-issue-dupe-check
  - .claude/skills/github-issue-dupe-check/SKILL.md
  - .claude/skills/github-issue-dupe-check/agents/openai.yaml
  - .claude/skills/github-issue-dupe-check/scripts/collect_issue_candidates.py
  - .claude/skills/grill-me
  - .claude/skills/grill-me/SKILL.md
  - .claude/skills/grill-me/agents/openai.yaml
  - .claude/skills/grill-me/references/sample_questionnaire.md
  - .claude/skills/lean-code
  - .claude/skills/lean-code/SKILL.md
  - .claude/skills/lean-code/references/review_checklist.md
  - .claude/skills/md-questionnaire
  - .claude/skills/md-questionnaire/SKILL.md
  - .claude/skills/md-questionnaire/agents/openai.yaml
  - .claude/skills/md-questionnaire/references/sample_questionnaire.md
  - .claude/skills/pulp-log-diagnostics
  - .claude/skills/pulp-log-diagnostics/SKILL.md
  - .claude/skills/pulp-log-diagnostics/agents/openai.yaml
  - .claude/skills/pulp-log-diagnostics/references/diagnostic-rules.md
  - .claude/skills/pulp-log-diagnostics/references/iis-playbook.md
  - .claude/skills/pulp-log-diagnostics/scripts/analyze_pulp_logs.py
  - .claude/skills/pulp-log-diagnostics/scripts/run_iis.py
  - .claude/skills/sdv-synthetic-data
  - .claude/skills/sdv-synthetic-data/SKILL.md
  - .claude/skills/sdv-synthetic-data/assets/example_asset.txt
  - .claude/skills/sdv-synthetic-data/references/api_reference.md
  - .claude/skills/sdv-synthetic-data/scripts/_sdv_utils.py
  - .claude/skills/sdv-synthetic-data/scripts/evaluate_quality.py
  - .claude/skills/sdv-synthetic-data/scripts/generate_multi_table.py
  - .claude/skills/sdv-synthetic-data/scripts/generate_single_table.py
  - .claude/skills/sdv-synthetic-data/scripts/sample_rows.py
  - .claude/skills/test-only-dead-code-detector
  - .claude/skills/test-only-dead-code-detector/SKILL.md
  - .claude/skills/test-only-dead-code-detector/agents/openai.yaml
  - .claude/skills/test-only-dead-code-detector/scripts/find_test_only_dead_code.py
  deployed_file_hashes:
    .agents/skills/file-organizer/SKILL.md: sha256:ed7b4dfdb7e451f994be4d2702f5835bb2ffa1a49cfd5991fcb8b13ce4754cca
    .agents/skills/file-organizer/scripts/analyze_files.py: sha256:b537b2f173f704acddb0fdc62d54b1a181a37988211d085bbf29cf47fbeb943a
    .agents/skills/file-organizer/scripts/organize_files.py: sha256:cfe8ccc59f79fd05d68f5826f0deff941b72ebfc561775da869ccc60557753c2
    .agents/skills/github-issue-dupe-check/SKILL.md: sha256:8daf399a847c6e0e4e6ad1c80102cf21e71d8061baed7707e53ddbb43b8c3efa
    .agents/skills/github-issue-dupe-check/agents/openai.yaml: sha256:cc8f0f9a3aef694853d20db7cb36758604019d6def12bc4f4a06a99c3a44578f
    .agents/skills/github-issue-dupe-check/scripts/collect_issue_candidates.py: sha256:1b2a1b66d565a77d0a78343635f8c9c238169474269102d5fda65c187ed723ca
    .agents/skills/grill-me/SKILL.md: sha256:d12085bb82068be6da9d141aa49713e134d7ae6f752150662a7f817a02a8f917
    .agents/skills/grill-me/agents/openai.yaml: sha256:df87b746de7afea687d4f3a2575a7247d5974f049b89a4163435bcd8253a062f
    .agents/skills/grill-me/references/sample_questionnaire.md: sha256:3adbc0e0a7fc626fd285088606de43ac081f6594fdac41ba87e7d7dcc53ec818
    .agents/skills/lean-code/SKILL.md: sha256:fb409661d4d256f077b1ac3283a9872b76952aa8160b214bf4f1a5df2e858773
    .agents/skills/lean-code/references/review_checklist.md: sha256:14065858c0249b3908791035ac65bd12951e064223818787ec054f5e0793e1a2
    .agents/skills/md-questionnaire/SKILL.md: sha256:ba9d233948e8324cca0929bdacb6ab34937bbbc0308718fc6908a608112a2ac8
    .agents/skills/md-questionnaire/agents/openai.yaml: sha256:6507c394a41e914da38d241ffcac830a9e5866ac765f2c081e37471cff7b7b25
    .agents/skills/md-questionnaire/references/sample_questionnaire.md: sha256:71dae628cab90fb4477e2b816109fbd0e85cf79efe3a91d7aff0b40f6d71b94c
    .agents/skills/pulp-log-diagnostics/SKILL.md: sha256:3d7cb09179b47df9a2863d3f4f2f84abac0449c7acf2906b60065c3f74965587
    .agents/skills/pulp-log-diagnostics/agents/openai.yaml: sha256:40db00241c4cd2824a55549fa74250e8c6371d0dd097bdf17b492af8406249d0
    .agents/skills/pulp-log-diagnostics/references/diagnostic-rules.md: sha256:47d8cdde26989317a68a1e730767990ca50d4c34aa4a3a93332dd41cef0fe960
    .agents/skills/pulp-log-diagnostics/references/iis-playbook.md: sha256:556788f11e0e22decced2d3556c3e32523c2837578047810b6652e0ad2418493
    .agents/skills/pulp-log-diagnostics/scripts/analyze_pulp_logs.py: sha256:7572cc7276ceaf8263e7e9768817efb92225079e15b331b714cfc905058917ba
    .agents/skills/pulp-log-diagnostics/scripts/run_iis.py: sha256:a83979b34244f858d36327f0364fc5cd96e3b1b24d1d96727bcf22356541318d
    .agents/skills/sdv-synthetic-data/SKILL.md: sha256:9cca5d23a013f4313b1a09fc21646dd25309623226bda8d87c24afcf2f846f5a
    .agents/skills/sdv-synthetic-data/assets/example_asset.txt: sha256:3410b1e7d80c9431ac98834d98da8214e0a658fef14d32b86a75ddf2bbe6e2d4
    .agents/skills/sdv-synthetic-data/references/api_reference.md: sha256:61ba86bcff81acd0ad3a6ca16a455b9c2e3adc9119556e4443ca3c27c71b8d44
    .agents/skills/sdv-synthetic-data/scripts/_sdv_utils.py: sha256:c35fcb2ae6e812149fad2fb160d0ac25b5c83bb5e05262eb96212a8885285ba7
    .agents/skills/sdv-synthetic-data/scripts/evaluate_quality.py: sha256:51814755cdac1b7865576486b57dd54e1f63cda4b7d1bd94c9a9debd4afa8a78
    .agents/skills/sdv-synthetic-data/scripts/generate_multi_table.py: sha256:2d5a8ca045c363d6fb891d3c62e0e6aa1c2b4e4d4d8790a5255341731c6022dd
    .agents/skills/sdv-synthetic-data/scripts/generate_single_table.py: sha256:e5c14bc5e567dae28e8ce088356184be28d10b594add0c9257bca581f65f6178
    .agents/skills/sdv-synthetic-data/scripts/sample_rows.py: sha256:3bde00edeeb9471ab9a2b8539651c053fddf39e6e159d523352693f0eb1f98d1
    .agents/skills/test-only-dead-code-detector/SKILL.md: sha256:cf0d160b3719a2f4332b5a7a398f639068c03ca9def6ca1040d741ea9c3354dc
    .agents/skills/test-only-dead-code-detector/agents/openai.yaml: sha256:b9e08e9275ea989634779a32598fcc64c6d6daf74113230877c04dc79460a6c9
    .agents/skills/test-only-dead-code-detector/scripts/find_test_only_dead_code.py: sha256:9833ad1473fa16291b191b077d3241faf328c806f145c6dc803147cd8d834388
    .claude/skills/file-organizer/SKILL.md: sha256:ed7b4dfdb7e451f994be4d2702f5835bb2ffa1a49cfd5991fcb8b13ce4754cca
    .claude/skills/file-organizer/scripts/analyze_files.py: sha256:b537b2f173f704acddb0fdc62d54b1a181a37988211d085bbf29cf47fbeb943a
    .claude/skills/file-organizer/scripts/organize_files.py: sha256:cfe8ccc59f79fd05d68f5826f0deff941b72ebfc561775da869ccc60557753c2
    .claude/skills/github-issue-dupe-check/SKILL.md: sha256:8daf399a847c6e0e4e6ad1c80102cf21e71d8061baed7707e53ddbb43b8c3efa
    .claude/skills/github-issue-dupe-check/agents/openai.yaml: sha256:cc8f0f9a3aef694853d20db7cb36758604019d6def12bc4f4a06a99c3a44578f
    .claude/skills/github-issue-dupe-check/scripts/collect_issue_candidates.py: sha256:1b2a1b66d565a77d0a78343635f8c9c238169474269102d5fda65c187ed723ca
    .claude/skills/grill-me/SKILL.md: sha256:d12085bb82068be6da9d141aa49713e134d7ae6f752150662a7f817a02a8f917
    .claude/skills/grill-me/agents/openai.yaml: sha256:df87b746de7afea687d4f3a2575a7247d5974f049b89a4163435bcd8253a062f
    .claude/skills/grill-me/references/sample_questionnaire.md: sha256:3adbc0e0a7fc626fd285088606de43ac081f6594fdac41ba87e7d7dcc53ec818
    .claude/skills/lean-code/SKILL.md: sha256:fb409661d4d256f077b1ac3283a9872b76952aa8160b214bf4f1a5df2e858773
    .claude/skills/lean-code/references/review_checklist.md: sha256:14065858c0249b3908791035ac65bd12951e064223818787ec054f5e0793e1a2
    .claude/skills/md-questionnaire/SKILL.md: sha256:ba9d233948e8324cca0929bdacb6ab34937bbbc0308718fc6908a608112a2ac8
    .claude/skills/md-questionnaire/agents/openai.yaml: sha256:6507c394a41e914da38d241ffcac830a9e5866ac765f2c081e37471cff7b7b25
    .claude/skills/md-questionnaire/references/sample_questionnaire.md: sha256:71dae628cab90fb4477e2b816109fbd0e85cf79efe3a91d7aff0b40f6d71b94c
    .claude/skills/pulp-log-diagnostics/SKILL.md: sha256:3d7cb09179b47df9a2863d3f4f2f84abac0449c7acf2906b60065c3f74965587
    .claude/skills/pulp-log-diagnostics/agents/openai.yaml: sha256:40db00241c4cd2824a55549fa74250e8c6371d0dd097bdf17b492af8406249d0
    .claude/skills/pulp-log-diagnostics/references/diagnostic-rules.md: sha256:47d8cdde26989317a68a1e730767990ca50d4c34aa4a3a93332dd41cef0fe960
    .claude/skills/pulp-log-diagnostics/references/iis-playbook.md: sha256:556788f11e0e22decced2d3556c3e32523c2837578047810b6652e0ad2418493
    .claude/skills/pulp-log-diagnostics/scripts/analyze_pulp_logs.py: sha256:7572cc7276ceaf8263e7e9768817efb92225079e15b331b714cfc905058917ba
    .claude/skills/pulp-log-diagnostics/scripts/run_iis.py: sha256:a83979b34244f858d36327f0364fc5cd96e3b1b24d1d96727bcf22356541318d
    .claude/skills/sdv-synthetic-data/SKILL.md: sha256:9cca5d23a013f4313b1a09fc21646dd25309623226bda8d87c24afcf2f846f5a
    .claude/skills/sdv-synthetic-data/assets/example_asset.txt: sha256:3410b1e7d80c9431ac98834d98da8214e0a658fef14d32b86a75ddf2bbe6e2d4
    .claude/skills/sdv-synthetic-data/references/api_reference.md: sha256:61ba86bcff81acd0ad3a6ca16a455b9c2e3adc9119556e4443ca3c27c71b8d44
    .claude/skills/sdv-synthetic-data/scripts/_sdv_utils.py: sha256:c35fcb2ae6e812149fad2fb160d0ac25b5c83bb5e05262eb96212a8885285ba7
    .claude/skills/sdv-synthetic-data/scripts/evaluate_quality.py: sha256:51814755cdac1b7865576486b57dd54e1f63cda4b7d1bd94c9a9debd4afa8a78
    .claude/skills/sdv-synthetic-data/scripts/generate_multi_table.py: sha256:2d5a8ca045c363d6fb891d3c62e0e6aa1c2b4e4d4d8790a5255341731c6022dd
    .claude/skills/sdv-synthetic-data/scripts/generate_single_table.py: sha256:e5c14bc5e567dae28e8ce088356184be28d10b594add0c9257bca581f65f6178
    .claude/skills/sdv-synthetic-data/scripts/sample_rows.py: sha256:3bde00edeeb9471ab9a2b8539651c053fddf39e6e159d523352693f0eb1f98d1
    .claude/skills/test-only-dead-code-detector/SKILL.md: sha256:cf0d160b3719a2f4332b5a7a398f639068c03ca9def6ca1040d741ea9c3354dc
    .claude/skills/test-only-dead-code-detector/agents/openai.yaml: sha256:b9e08e9275ea989634779a32598fcc64c6d6daf74113230877c04dc79460a6c9
    .claude/skills/test-only-dead-code-detector/scripts/find_test_only_dead_code.py: sha256:9833ad1473fa16291b191b077d3241faf328c806f145c6dc803147cd8d834388
  content_hash: sha256:6458dcee3da41f128a1fc132032609ca1336d75aa74a79b87a6821717c2fc8e4
